
Microsoft Visual Studio Solution File, Format Version 11.00
# Visual Studio 2010
Project("{FAE04EC0-301F-11D3-BF4B-00C04F79EFBC}") = "sparc", "sparc\sparc.csproj", "{A469588F-9167-41BE-9A70-C985DAD1EF68}"
EndProject
Global
	GlobalSection(SolutionConfigurationPlatforms) = preSolution
		Debug|Any CPU = Debug|Any CPU
		Release|Any CPU = Release|Any CPU
	EndGlobalSection
	GlobalSection(ProjectConfigurationPlatforms) = postSolution
		{A469588F-9167-41BE-9A70-C985DAD1EF68}.Debug|Any CPU.ActiveCfg = Debug|Any CPU
		{A469588F-9167-41BE-9A70-C985DAD1EF68}.Debug|Any CPU.Build.0 = Debug|Any CPU
		{A469588F-9167-41BE-9A70-C985DAD1EF68}.Release|Any CPU.ActiveCfg = Release|Any CPU
		{A469588F-9167-41BE-9A70-C985DAD1EF68}.Release|Any CPU.Build.0 = Release|Any CPU
	EndGlobalSection
	GlobalSection(SolutionProperties) = preSolution
		HideSolutionNode = FALSE
	EndGlobalSection
EndGlobal
